
Microsoft Visual Studio Solution File, Format Version 12.00
# Visual Studio 15
VisualStudioVersion = 15.0.28010.2019
MinimumVisualStudioVersion = 10.0.40219.1
Project("{FAE04EC0-301F-11D3-BF4B-00C04F79EFBC}") = "csharp-algorithms", "csharp-algorithms\csharp-algorithms.csproj", "{3511528E-8696-40B8-85AB-97456347A497}"
EndProject
Project("{FAE04EC0-301F-11D3-BF4B-00C04F79EFBC}") = "bubblesort", "bubblesort\bubblesort.csproj", "{C557EF5B-AEFE-407B-8D99-43B9EA625B71}"
EndProject
Project("{FAE04EC0-301F-11D3-BF4B-00C04F79EFBC}") = "Tests", "Tests\Tests.csproj", "{59D5FD7E-879A-455C-899C-A56C878CA948}"
EndProject
Project("{2150E333-8FDC-42A3-9474-1A3956D46DE8}") = "sort", "sort", "{6A9C8607-AA57-4817-B2C8-B8DD5065AC7C}"
EndProject
Project("{2150E333-8FDC-42A3-9474-1A3956D46DE8}") = "greedy", "greedy", "{05BBB622-53C5-4866-869B-B45978502CB5}"
EndProject
Project("{2150E333-8FDC-42A3-9474-1A3956D46DE8}") = "search", "search", "{F61757B3-8F9B-4A56-9800-CCD038241D81}"
EndProject
Project("{FAE04EC0-301F-11D3-BF4B-00C04F79EFBC}") = "selectionsort", "selectionsort\selectionsort.csproj", "{A9022928-E9E9-45BE-BFEC-85A1A870A7EB}"
EndProject
Project("{FAE04EC0-301F-11D3-BF4B-00C04F79EFBC}") = "heapsort", "sort\heapsort\heapsort.csproj", "{CEAB3173-99C9-4F09-AEE2-D31152D4270D}"
EndProject
Project("{FAE04EC0-301F-11D3-BF4B-00C04F79EFBC}") = "quicksort", "quicksort\quicksort.csproj", "{9199C1CC-0966-40C9-8ACC-7AB1BAF6512A}"
EndProject
Project("{FAE04EC0-301F-11D3-BF4B-00C04F79EFBC}") = "countingsort", "countingsort\countingsort.csproj", "{C9666973-0DD4-4CBB-BAB7-C54A7299CC0B}"
EndProject
Project("{FAE04EC0-301F-11D3-BF4B-00C04F79EFBC}") = "bogosort", "bogosort\bogosort.csproj", "{A252AB24-4D26-426F-9D41-74270616638E}"
EndProject
Project("{FAE04EC0-301F-11D3-BF4B-00C04F79EFBC}") = "dijkstrasAlgorithm", "dijkstrasAlgorithm\dijkstrasAlgorithm.csproj", "{8087DFD2-673A-499F-B130-0FAE0F31EADC}"
EndProject
Project("{FAE04EC0-301F-11D3-BF4B-00C04F79EFBC}") = "knapsackproblem", "knapsackproblem\knapsackproblem.csproj", "{8870FC35-4386-43E5-B5EA-1C764E7ADC54}"
EndProject
Project("{FAE04EC0-301F-11D3-BF4B-00C04F79EFBC}") = "bellmanFordAlgorithm", "bellmanFordAlgorithm\bellmanFordAlgorithm.csproj", "{6B79C9EC-0219-44AD-B399-CD4046718E66}"
EndProject
Global
	GlobalSection(SolutionConfigurationPlatforms) = preSolution
		Debug|Any CPU = Debug|Any CPU
		Release|Any CPU = Release|Any CPU
	EndGlobalSection
	GlobalSection(ProjectConfigurationPlatforms) = postSolution
		{3511528E-8696-40B8-85AB-97456347A497}.Debug|Any CPU.ActiveCfg = Debug|Any CPU
		{3511528E-8696-40B8-85AB-97456347A497}.Debug|Any CPU.Build.0 = Debug|Any CPU
		{3511528E-8696-40B8-85AB-97456347A497}.Release|Any CPU.ActiveCfg = Release|Any CPU
		{3511528E-8696-40B8-85AB-97456347A497}.Release|Any CPU.Build.0 = Release|Any CPU
		{C557EF5B-AEFE-407B-8D99-43B9EA625B71}.Debug|Any CPU.ActiveCfg = Debug|Any CPU
		{C557EF5B-AEFE-407B-8D99-43B9EA625B71}.Debug|Any CPU.Build.0 = Debug|Any CPU
		{C557EF5B-AEFE-407B-8D99-43B9EA625B71}.Release|Any CPU.ActiveCfg = Release|Any CPU
		{C557EF5B-AEFE-407B-8D99-43B9EA625B71}.Release|Any CPU.Build.0 = Release|Any CPU
		{59D5FD7E-879A-455C-899C-A56C878CA948}.Debug|Any CPU.ActiveCfg = Debug|Any CPU
		{59D5FD7E-879A-455C-899C-A56C878CA948}.Debug|Any CPU.Build.0 = Debug|Any CPU
		{59D5FD7E-879A-455C-899C-A56C878CA948}.Release|Any CPU.ActiveCfg = Release|Any CPU
		{59D5FD7E-879A-455C-899C-A56C878CA948}.Release|Any CPU.Build.0 = Release|Any CPU
		{A9022928-E9E9-45BE-BFEC-85A1A870A7EB}.Debug|Any CPU.ActiveCfg = Debug|Any CPU
		{A9022928-E9E9-45BE-BFEC-85A1A870A7EB}.Debug|Any CPU.Build.0 = Debug|Any CPU
		{A9022928-E9E9-45BE-BFEC-85A1A870A7EB}.Release|Any CPU.ActiveCfg = Release|Any CPU
		{A9022928-E9E9-45BE-BFEC-85A1A870A7EB}.Release|Any CPU.Build.0 = Release|Any CPU
		{CEAB3173-99C9-4F09-AEE2-D31152D4270D}.Debug|Any CPU.ActiveCfg = Debug|Any CPU
		{CEAB3173-99C9-4F09-AEE2-D31152D4270D}.Debug|Any CPU.Build.0 = Debug|Any CPU
		{CEAB3173-99C9-4F09-AEE2-D31152D4270D}.Release|Any CPU.ActiveCfg = Release|Any CPU
		{CEAB3173-99C9-4F09-AEE2-D31152D4270D}.Release|Any CPU.Build.0 = Release|Any CPU
		{9199C1CC-0966-40C9-8ACC-7AB1BAF6512A}.Debug|Any CPU.ActiveCfg = Debug|Any CPU
		{9199C1CC-0966-40C9-8ACC-7AB1BAF6512A}.Debug|Any CPU.Build.0 = Debug|Any CPU
		{9199C1CC-0966-40C9-8ACC-7AB1BAF6512A}.Release|Any CPU.ActiveCfg = Release|Any CPU
		{9199C1CC-0966-40C9-8ACC-7AB1BAF6512A}.Release|Any CPU.Build.0 = Release|Any CPU
		{C9666973-0DD4-4CBB-BAB7-C54A7299CC0B}.Debug|Any CPU.ActiveCfg = Debug|Any CPU
		{C9666973-0DD4-4CBB-BAB7-C54A7299CC0B}.Debug|Any CPU.Build.0 = Debug|Any CPU
		{C9666973-0DD4-4CBB-BAB7-C54A7299CC0B}.Release|Any CPU.ActiveCfg = Release|Any CPU
		{C9666973-0DD4-4CBB-BAB7-C54A7299CC0B}.Release|Any CPU.Build.0 = Release|Any CPU
		{A252AB24-4D26-426F-9D41-74270616638E}.Debug|Any CPU.ActiveCfg = Debug|Any CPU
		{A252AB24-4D26-426F-9D41-74270616638E}.Debug|Any CPU.Build.0 = Debug|Any CPU
		{A252AB24-4D26-426F-9D41-74270616638E}.Release|Any CPU.ActiveCfg = Release|Any CPU
		{A252AB24-4D26-426F-9D41-74270616638E}.Release|Any CPU.Build.0 = Release|Any CPU
		{8087DFD2-673A-499F-B130-0FAE0F31EADC}.Debug|Any CPU.ActiveCfg = Debug|Any CPU
		{8087DFD2-673A-499F-B130-0FAE0F31EADC}.Debug|Any CPU.Build.0 = Debug|Any CPU
		{8087DFD2-673A-499F-B130-0FAE0F31EADC}.Release|Any CPU.ActiveCfg = Release|Any CPU
		{8087DFD2-673A-499F-B130-0FAE0F31EADC}.Release|Any CPU.Build.0 = Release|Any CPU
		{8870FC35-4386-43E5-B5EA-1C764E7ADC54}.Debug|Any CPU.ActiveCfg = Debug|Any CPU
		{8870FC35-4386-43E5-B5EA-1C764E7ADC54}.Debug|Any CPU.Build.0 = Debug|Any CPU
		{8870FC35-4386-43E5-B5EA-1C764E7ADC54}.Release|Any CPU.ActiveCfg = Release|Any CPU
		{8870FC35-4386-43E5-B5EA-1C764E7ADC54}.Release|Any CPU.Build.0 = Release|Any CPU
		{6B79C9EC-0219-44AD-B399-CD4046718E66}.Debug|Any CPU.ActiveCfg = Debug|Any CPU
		{6B79C9EC-0219-44AD-B399-CD4046718E66}.Debug|Any CPU.Build.0 = Debug|Any CPU
		{6B79C9EC-0219-44AD-B399-CD4046718E66}.Release|Any CPU.ActiveCfg = Release|Any CPU
		{6B79C9EC-0219-44AD-B399-CD4046718E66}.Release|Any CPU.Build.0 = Release|Any CPU
	EndGlobalSection
	GlobalSection(SolutionProperties) = preSolution
		HideSolutionNode = FALSE
	EndGlobalSection
	GlobalSection(NestedProjects) = preSolution
		{C557EF5B-AEFE-407B-8D99-43B9EA625B71} = {6A9C8607-AA57-4817-B2C8-B8DD5065AC7C}
		{A9022928-E9E9-45BE-BFEC-85A1A870A7EB} = {6A9C8607-AA57-4817-B2C8-B8DD5065AC7C}
		{CEAB3173-99C9-4F09-AEE2-D31152D4270D} = {6A9C8607-AA57-4817-B2C8-B8DD5065AC7C}
		{9199C1CC-0966-40C9-8ACC-7AB1BAF6512A} = {6A9C8607-AA57-4817-B2C8-B8DD5065AC7C}
		{C9666973-0DD4-4CBB-BAB7-C54A7299CC0B} = {6A9C8607-AA57-4817-B2C8-B8DD5065AC7C}
		{A252AB24-4D26-426F-9D41-74270616638E} = {6A9C8607-AA57-4817-B2C8-B8DD5065AC7C}
		{8087DFD2-673A-499F-B130-0FAE0F31EADC} = {05BBB622-53C5-4866-869B-B45978502CB5}
		{8870FC35-4386-43E5-B5EA-1C764E7ADC54} = {05BBB622-53C5-4866-869B-B45978502CB5}
		{6B79C9EC-0219-44AD-B399-CD4046718E66} = {05BBB622-53C5-4866-869B-B45978502CB5}
	EndGlobalSection
	GlobalSection(ExtensibilityGlobals) = postSolution
		SolutionGuid = {7F2BFC66-A9D6-4C6D-A15A-984F23C11D29}
	EndGlobalSection
EndGlobal
